
Microsoft Visual Studio Solution File, Format Version 12.00
# Visual Studio Version 17
VisualStudioVersion = 17.5.33530.505
MinimumVisualStudioVersion = 10.0.40219.1
Project("{9A19103F-16F7-4668-BE54-9A1E7A4F7556}") = "Note", "Note.csproj", "{086976C5-6C63-4F3D-AB4F-E395A44277A3}"
EndProject
Global
	GlobalSection(SolutionConfigurationPlatforms) = preSolution
		Debug|Any CPU = Debug|Any CPU
		Release|Any CPU = Release|Any CPU
	EndGlobalSection
	GlobalSection(ProjectConfigurationPlatforms) = postSolution
		{086976C5-6C63-4F3D-AB4F-E395A44277A3}.Debug|Any CPU.ActiveCfg = Debug|Any CPU
		{086976C5-6C63-4F3D-AB4F-E395A44277A3}.Debug|Any CPU.Build.0 = Debug|Any CPU
		{086976C5-6C63-4F3D-AB4F-E395A44277A3}.Release|Any CPU.ActiveCfg = Release|Any CPU
		{086976C5-6C63-4F3D-AB4F-E395A44277A3}.Release|Any CPU.Build.0 = Release|Any CPU
	EndGlobalSection
	GlobalSection(SolutionProperties) = preSolution
		HideSolutionNode = FALSE
	EndGlobalSection
	GlobalSection(ExtensibilityGlobals) = postSolution
		SolutionGuid = {525C6563-1ECA-4504-B05B-6104266E35AB}
	EndGlobalSection
EndGlobal
